
Microsoft Visual Studio Solution File, Format Version 12.00
# Visual Studio Version 16
VisualStudioVersion = 16.0.29201.188
MinimumVisualStudioVersion = 15.0.26124.0
Project("{9A19103F-16F7-4668-BE54-9A1E7A4F7556}") = "WebHostSample", "WebHostSample\WebHostSample.csproj", "{B359AB74-B897-462C-A199-5C42219368F7}"
EndProject
Project("{9A19103F-16F7-4668-BE54-9A1E7A4F7556}") = "GenericHostSample", "GenericHostSample\GenericHostSample.csproj", "{E5003171-1A07-4AEE-8ECA-0C9897161C72}"
EndProject
Project("{2150E333-8FDC-42A3-9474-1A3956D46DE8}") = "3.x", "3.x", "{5C1905AE-D80B-43A4-A3AA-0F451A0D1772}"
EndProject
Project("{9A19103F-16F7-4668-BE54-9A1E7A4F7556}") = "WebApiSample", "3.x\WebApiSample\WebApiSample.csproj", "{CE591446-A1A1-4E58-9572-984437B51FC5}"
EndProject
Global
	GlobalSection(SolutionConfigurationPlatforms) = preSolution
		Debug|Any CPU = Debug|Any CPU
		Debug|x64 = Debug|x64
		Debug|x86 = Debug|x86
		Release|Any CPU = Release|Any CPU
		Release|x64 = Release|x64
		Release|x86 = Release|x86
	EndGlobalSection
	GlobalSection(ProjectConfigurationPlatforms) = postSolution
		{B359AB74-B897-462C-A199-5C42219368F7}.Debug|Any CPU.ActiveCfg = Debug|Any CPU
		{B359AB74-B897-462C-A199-5C42219368F7}.Debug|Any CPU.Build.0 = Debug|Any CPU
		{B359AB74-B897-462C-A199-5C42219368F7}.Debug|x64.ActiveCfg = Debug|Any CPU
		{B359AB74-B897-462C-A199-5C42219368F7}.Debug|x64.Build.0 = Debug|Any CPU
		{B359AB74-B897-462C-A199-5C42219368F7}.Debug|x86.ActiveCfg = Debug|Any CPU
		{B359AB74-B897-462C-A199-5C42219368F7}.Debug|x86.Build.0 = Debug|Any CPU
		{B359AB74-B897-462C-A199-5C42219368F7}.Release|Any CPU.ActiveCfg = Release|Any CPU
		{B359AB74-B897-462C-A199-5C42219368F7}.Release|Any CPU.Build.0 = Release|Any CPU
		{B359AB74-B897-462C-A199-5C42219368F7}.Release|x64.ActiveCfg = Release|Any CPU
		{B359AB74-B897-462C-A199-5C42219368F7}.Release|x64.Build.0 = Release|Any CPU
		{B359AB74-B897-462C-A199-5C42219368F7}.Release|x86.ActiveCfg = Release|Any CPU
		{B359AB74-B897-462C-A199-5C42219368F7}.Release|x86.Build.0 = Release|Any CPU
		{E5003171-1A07-4AEE-8ECA-0C9897161C72}.Debug|Any CPU.ActiveCfg = Debug|Any CPU
		{E5003171-1A07-4AEE-8ECA-0C9897161C72}.Debug|Any CPU.Build.0 = Debug|Any CPU
		{E5003171-1A07-4AEE-8ECA-0C9897161C72}.Debug|x64.ActiveCfg = Debug|Any CPU
		{E5003171-1A07-4AEE-8ECA-0C9897161C72}.Debug|x64.Build.0 = Debug|Any CPU
		{E5003171-1A07-4AEE-8ECA-0C9897161C72}.Debug|x86.ActiveCfg = Debug|Any CPU
		{E5003171-1A07-4AEE-8ECA-0C9897161C72}.Debug|x86.Build.0 = Debug|Any CPU
		{E5003171-1A07-4AEE-8ECA-0C9897161C72}.Release|Any CPU.ActiveCfg = Release|Any CPU
		{E5003171-1A07-4AEE-8ECA-0C9897161C72}.Release|Any CPU.Build.0 = Release|Any CPU
		{E5003171-1A07-4AEE-8ECA-0C9897161C72}.Release|x64.ActiveCfg = Release|Any CPU
		{E5003171-1A07-4AEE-8ECA-0C9897161C72}.Release|x64.Build.0 = Release|Any CPU
		{E5003171-1A07-4AEE-8ECA-0C9897161C72}.Release|x86.ActiveCfg = Release|Any CPU
		{E5003171-1A07-4AEE-8ECA-0C9897161C72}.Release|x86.Build.0 = Release|Any CPU
		{CE591446-A1A1-4E58-9572-984437B51FC5}.Debug|Any CPU.ActiveCfg = Debug|Any CPU
		{CE591446-A1A1-4E58-9572-984437B51FC5}.Debug|Any CPU.Build.0 = Debug|Any CPU
		{CE591446-A1A1-4E58-9572-984437B51FC5}.Debug|x64.ActiveCfg = Debug|Any CPU
		{CE591446-A1A1-4E58-9572-984437B51FC5}.Debug|x64.Build.0 = Debug|Any CPU
		{CE591446-A1A1-4E58-9572-984437B51FC5}.Debug|x86.ActiveCfg = Debug|Any CPU
		{CE591446-A1A1-4E58-9572-984437B51FC5}.Debug|x86.Build.0 = Debug|Any CPU
		{CE591446-A1A1-4E58-9572-984437B51FC5}.Release|Any CPU.ActiveCfg = Release|Any CPU
		{CE591446-A1A1-4E58-9572-984437B51FC5}.Release|Any CPU.Build.0 = Release|Any CPU
		{CE591446-A1A1-4E58-9572-984437B51FC5}.Release|x64.ActiveCfg = Release|Any CPU
		{CE591446-A1A1-4E58-9572-984437B51FC5}.Release|x64.Build.0 = Release|Any CPU
		{CE591446-A1A1-4E58-9572-984437B51FC5}.Release|x86.ActiveCfg = Release|Any CPU
		{CE591446-A1A1-4E58-9572-984437B51FC5}.Release|x86.Build.0 = Release|Any CPU
	EndGlobalSection
	GlobalSection(SolutionProperties) = preSolution
		HideSolutionNode = FALSE
	EndGlobalSection
	GlobalSection(NestedProjects) = preSolution
		{CE591446-A1A1-4E58-9572-984437B51FC5} = {5C1905AE-D80B-43A4-A3AA-0F451A0D1772}
	EndGlobalSection
	GlobalSection(ExtensibilityGlobals) = postSolution
		SolutionGuid = {598179AE-BDE8-4365-BC2F-F1025290995A}
	EndGlobalSection
EndGlobal
