
Microsoft Visual Studio Solution File, Format Version 12.00
# Visual Studio Version 16
VisualStudioVersion = 16.0.29201.188
MinimumVisualStudioVersion = 15.0.26124.0
Project("{9A19103F-16F7-4668-BE54-9A1E7A4F7556}") = "GenericHostSample", "GenericHostSample\GenericHostSample.csproj", "{7AD34159-4E51-45F2-834E-CABCD2E54B23}"
EndProject
Project("{FAE04EC0-301F-11D3-BF4B-00C04F79EFBC}") = "WebHostSample", "WebHostSample\WebHostSample.csproj", "{B359AB74-B897-462C-A199-5C42219368F7}"
EndProject
Global
	GlobalSection(SolutionConfigurationPlatforms) = preSolution
		Debug|Any CPU = Debug|Any CPU
		Debug|x64 = Debug|x64
		Debug|x86 = Debug|x86
		Release|Any CPU = Release|Any CPU
		Release|x64 = Release|x64
		Release|x86 = Release|x86
	EndGlobalSection
	GlobalSection(ProjectConfigurationPlatforms) = postSolution
		{7AD34159-4E51-45F2-834E-CABCD2E54B23}.Debug|Any CPU.ActiveCfg = Debug|Any CPU
		{7AD34159-4E51-45F2-834E-CABCD2E54B23}.Debug|Any CPU.Build.0 = Debug|Any CPU
		{7AD34159-4E51-45F2-834E-CABCD2E54B23}.Debug|x64.ActiveCfg = Debug|Any CPU
		{7AD34159-4E51-45F2-834E-CABCD2E54B23}.Debug|x64.Build.0 = Debug|Any CPU
		{7AD34159-4E51-45F2-834E-CABCD2E54B23}.Debug|x86.ActiveCfg = Debug|Any CPU
		{7AD34159-4E51-45F2-834E-CABCD2E54B23}.Debug|x86.Build.0 = Debug|Any CPU
		{7AD34159-4E51-45F2-834E-CABCD2E54B23}.Release|Any CPU.ActiveCfg = Release|Any CPU
		{7AD34159-4E51-45F2-834E-CABCD2E54B23}.Release|Any CPU.Build.0 = Release|Any CPU
		{7AD34159-4E51-45F2-834E-CABCD2E54B23}.Release|x64.ActiveCfg = Release|Any CPU
		{7AD34159-4E51-45F2-834E-CABCD2E54B23}.Release|x64.Build.0 = Release|Any CPU
		{7AD34159-4E51-45F2-834E-CABCD2E54B23}.Release|x86.ActiveCfg = Release|Any CPU
		{7AD34159-4E51-45F2-834E-CABCD2E54B23}.Release|x86.Build.0 = Release|Any CPU
		{B359AB74-B897-462C-A199-5C42219368F7}.Debug|Any CPU.ActiveCfg = Debug|Any CPU
		{B359AB74-B897-462C-A199-5C42219368F7}.Debug|Any CPU.Build.0 = Debug|Any CPU
		{B359AB74-B897-462C-A199-5C42219368F7}.Debug|x64.ActiveCfg = Debug|Any CPU
		{B359AB74-B897-462C-A199-5C42219368F7}.Debug|x64.Build.0 = Debug|Any CPU
		{B359AB74-B897-462C-A199-5C42219368F7}.Debug|x86.ActiveCfg = Debug|Any CPU
		{B359AB74-B897-462C-A199-5C42219368F7}.Debug|x86.Build.0 = Debug|Any CPU
		{B359AB74-B897-462C-A199-5C42219368F7}.Release|Any CPU.ActiveCfg = Release|Any CPU
		{B359AB74-B897-462C-A199-5C42219368F7}.Release|Any CPU.Build.0 = Release|Any CPU
		{B359AB74-B897-462C-A199-5C42219368F7}.Release|x64.ActiveCfg = Release|Any CPU
		{B359AB74-B897-462C-A199-5C42219368F7}.Release|x64.Build.0 = Release|Any CPU
		{B359AB74-B897-462C-A199-5C42219368F7}.Release|x86.ActiveCfg = Release|Any CPU
		{B359AB74-B897-462C-A199-5C42219368F7}.Release|x86.Build.0 = Release|Any CPU
	EndGlobalSection
	GlobalSection(SolutionProperties) = preSolution
		HideSolutionNode = FALSE
	EndGlobalSection
	GlobalSection(ExtensibilityGlobals) = postSolution
		SolutionGuid = {598179AE-BDE8-4365-BC2F-F1025290995A}
	EndGlobalSection
EndGlobal
