
Microsoft Visual Studio Solution File, Format Version 12.00
# Visual Studio Version 16
VisualStudioVersion = 16.0.29215.179
MinimumVisualStudioVersion = 10.0.40219.1
Project("{2150E333-8FDC-42A3-9474-1A3956D46DE8}") = "CoreCSharp", "CoreCSharp", "{EA175D36-5184-4674-AEB4-3FE47CAD8FCB}"
EndProject
Project("{9A19103F-16F7-4668-BE54-9A1E7A4F7556}") = "HelloWordApp", "CoreCSharp\HelloWordApp\HelloWordApp.csproj", "{EF39AE62-08C7-41CD-BE9A-A0CA55D69AA0}"
EndProject
Project("{2150E333-8FDC-42A3-9474-1A3956D46DE8}") = "Generices", "Generices", "{C5A35D50-1FCF-427C-BE4C-5C95650476FB}"
EndProject
Project("{9A19103F-16F7-4668-BE54-9A1E7A4F7556}") = "LinkedListObject", "LinkedListObject\LinkedListObject.csproj", "{F4B93ED8-65B6-4BE2-9EF6-23AA34539217}"
EndProject
Project("{9A19103F-16F7-4668-BE54-9A1E7A4F7556}") = "DocumnetManager", "DocumnetManager\DocumnetManager.csproj", "{C52A608B-061C-4EC8-B94C-ED12542F43B1}"
EndProject
Project("{9A19103F-16F7-4668-BE54-9A1E7A4F7556}") = "LinkedListSample", "LinkedListSample\LinkedListSample.csproj", "{D46A01CE-F44B-4FFC-A099-719D223AF4B1}"
EndProject
Project("{9A19103F-16F7-4668-BE54-9A1E7A4F7556}") = "Variance", "Variance\Variance.csproj", "{D2E2AE76-D815-4459-8070-6F5840A0E151}"
EndProject
Project("{9A19103F-16F7-4668-BE54-9A1E7A4F7556}") = "GenericesMethod", "GenericesMethod\GenericesMethod.csproj", "{11483382-1392-4563-B371-BE6412DC9184}"
EndProject
Project("{2150E333-8FDC-42A3-9474-1A3956D46DE8}") = "Array", "Array", "{BBA6A23C-E42F-4826-ADE3-F1A07E6E9469}"
EndProject
Project("{9A19103F-16F7-4668-BE54-9A1E7A4F7556}") = "ArraySample", "ArraySample\ArraySample.csproj", "{79400F75-60AD-486A-8E33-7C8F034AE1AE}"
EndProject
Project("{2150E333-8FDC-42A3-9474-1A3956D46DE8}") = "Delegets", "Delegets", "{1481F2FE-8A00-432D-81E2-D8BB365E46FA}"
EndProject
Project("{9A19103F-16F7-4668-BE54-9A1E7A4F7556}") = "SimpleDelegets", "SimpleDelegets\SimpleDelegets.csproj", "{880533A9-44FD-4265-8785-9AFDA48004A9}"
EndProject
Project("{9A19103F-16F7-4668-BE54-9A1E7A4F7556}") = "YeidSample", "YeidSample\YeidSample.csproj", "{5A3114B1-3FDB-40CC-A600-26262C870E6C}"
EndProject
Project("{2150E333-8FDC-42A3-9474-1A3956D46DE8}") = "inherit", "inherit", "{63B08ED6-4C24-40ED-ABBC-5355F8855F75}"
EndProject
Project("{9A19103F-16F7-4668-BE54-9A1E7A4F7556}") = "inheritSample", "inheritSample\inheritSample.csproj", "{294A34CA-DFC9-4944-AADE-8E1E38F83CFA}"
EndProject
Project("{9A19103F-16F7-4668-BE54-9A1E7A4F7556}") = "MulitcastDelegets", "MulitcastDelegets\MulitcastDelegets.csproj", "{CDB02D3A-BDD1-494F-B5B2-3B332EBB686C}"
EndProject
Project("{9A19103F-16F7-4668-BE54-9A1E7A4F7556}") = "AnonymousDelegets", "AnonymousDelegets\AnonymousDelegets.csproj", "{B8A8FC3F-6966-4F16-9BBC-FC6DE6B06D10}"
EndProject
Project("{9A19103F-16F7-4668-BE54-9A1E7A4F7556}") = "EventSample", "EventSample\EventSample.csproj", "{F2C639A4-A8A6-4B92-B78B-862B85E6C133}"
EndProject
Project("{FAE04EC0-301F-11D3-BF4B-00C04F79EFBC}") = "ListSample", "ListSample\ListSample.csproj", "{BD5274E1-77ED-429C-9514-9B1A4CF2A020}"
EndProject
Project("{2150E333-8FDC-42A3-9474-1A3956D46DE8}") = "StringsAndRegularExpressions", "StringsAndRegularExpressions", "{D49493A6-1E8D-4A48-A54E-2A4F6C9AED91}"
EndProject
Project("{9A19103F-16F7-4668-BE54-9A1E7A4F7556}") = "StringSample", "StringSample\StringSample.csproj", "{F5F1281E-849F-41BF-8F2C-0624607088AC}"
EndProject
Project("{2150E333-8FDC-42A3-9474-1A3956D46DE8}") = "LinqSample", "LinqSample", "{8A59A8CE-0E5A-4BC0-8B77-65A3A40BC03A}"
EndProject
Project("{9A19103F-16F7-4668-BE54-9A1E7A4F7556}") = "LinqSamples", "LinqSamples\LinqSamples.csproj", "{83729BC4-23D7-4283-BBB3-1704D37CD35E}"
EndProject
Project("{2150E333-8FDC-42A3-9474-1A3956D46DE8}") = "Async", "Async", "{97532CE7-E23E-4568-A68E-277E671293AD}"
EndProject
Project("{9A19103F-16F7-4668-BE54-9A1E7A4F7556}") = "AsyncSample", "AsyncSample\AsyncSample.csproj", "{05F6C22F-56A9-472E-81FF-07AD88E39108}"
EndProject
Project("{FAE04EC0-301F-11D3-BF4B-00C04F79EFBC}") = "AsyncConsole", "AsyncConsole\AsyncConsole.csproj", "{E44148FC-1E88-4920-9933-D97B31E71E0D}"
EndProject
<<<<<<< HEAD
Project("{FAE04EC0-301F-11D3-BF4B-00C04F79EFBC}") = "Experiment", "Experiment\Experiment.csproj", "{611E2A8B-E06E-4AD6-9C95-3E8143CFC34F}"
=======
Project("{9A19103F-16F7-4668-BE54-9A1E7A4F7556}") = "ConsoleTypesetting", "CoreCSharp\ConsoleTypesetting\ConsoleTypesetting.csproj", "{9222C081-0FF0-4E53-891E-AB1E5B195663}"
>>>>>>> 0ef541ac5347f8d77f07491806e6d67bfec75ca8
EndProject
Global
	GlobalSection(SolutionConfigurationPlatforms) = preSolution
		Debug|Any CPU = Debug|Any CPU
		Release|Any CPU = Release|Any CPU
	EndGlobalSection
	GlobalSection(ProjectConfigurationPlatforms) = postSolution
		{EF39AE62-08C7-41CD-BE9A-A0CA55D69AA0}.Debug|Any CPU.ActiveCfg = Debug|Any CPU
		{EF39AE62-08C7-41CD-BE9A-A0CA55D69AA0}.Debug|Any CPU.Build.0 = Debug|Any CPU
		{EF39AE62-08C7-41CD-BE9A-A0CA55D69AA0}.Release|Any CPU.ActiveCfg = Release|Any CPU
		{EF39AE62-08C7-41CD-BE9A-A0CA55D69AA0}.Release|Any CPU.Build.0 = Release|Any CPU
		{F4B93ED8-65B6-4BE2-9EF6-23AA34539217}.Debug|Any CPU.ActiveCfg = Debug|Any CPU
		{F4B93ED8-65B6-4BE2-9EF6-23AA34539217}.Debug|Any CPU.Build.0 = Debug|Any CPU
		{F4B93ED8-65B6-4BE2-9EF6-23AA34539217}.Release|Any CPU.ActiveCfg = Release|Any CPU
		{F4B93ED8-65B6-4BE2-9EF6-23AA34539217}.Release|Any CPU.Build.0 = Release|Any CPU
		{C52A608B-061C-4EC8-B94C-ED12542F43B1}.Debug|Any CPU.ActiveCfg = Debug|Any CPU
		{C52A608B-061C-4EC8-B94C-ED12542F43B1}.Debug|Any CPU.Build.0 = Debug|Any CPU
		{C52A608B-061C-4EC8-B94C-ED12542F43B1}.Release|Any CPU.ActiveCfg = Release|Any CPU
		{C52A608B-061C-4EC8-B94C-ED12542F43B1}.Release|Any CPU.Build.0 = Release|Any CPU
		{D46A01CE-F44B-4FFC-A099-719D223AF4B1}.Debug|Any CPU.ActiveCfg = Debug|Any CPU
		{D46A01CE-F44B-4FFC-A099-719D223AF4B1}.Debug|Any CPU.Build.0 = Debug|Any CPU
		{D46A01CE-F44B-4FFC-A099-719D223AF4B1}.Release|Any CPU.ActiveCfg = Release|Any CPU
		{D46A01CE-F44B-4FFC-A099-719D223AF4B1}.Release|Any CPU.Build.0 = Release|Any CPU
		{D2E2AE76-D815-4459-8070-6F5840A0E151}.Debug|Any CPU.ActiveCfg = Debug|Any CPU
		{D2E2AE76-D815-4459-8070-6F5840A0E151}.Debug|Any CPU.Build.0 = Debug|Any CPU
		{D2E2AE76-D815-4459-8070-6F5840A0E151}.Release|Any CPU.ActiveCfg = Release|Any CPU
		{D2E2AE76-D815-4459-8070-6F5840A0E151}.Release|Any CPU.Build.0 = Release|Any CPU
		{11483382-1392-4563-B371-BE6412DC9184}.Debug|Any CPU.ActiveCfg = Debug|Any CPU
		{11483382-1392-4563-B371-BE6412DC9184}.Debug|Any CPU.Build.0 = Debug|Any CPU
		{11483382-1392-4563-B371-BE6412DC9184}.Release|Any CPU.ActiveCfg = Release|Any CPU
		{11483382-1392-4563-B371-BE6412DC9184}.Release|Any CPU.Build.0 = Release|Any CPU
		{79400F75-60AD-486A-8E33-7C8F034AE1AE}.Debug|Any CPU.ActiveCfg = Debug|Any CPU
		{79400F75-60AD-486A-8E33-7C8F034AE1AE}.Debug|Any CPU.Build.0 = Debug|Any CPU
		{79400F75-60AD-486A-8E33-7C8F034AE1AE}.Release|Any CPU.ActiveCfg = Release|Any CPU
		{79400F75-60AD-486A-8E33-7C8F034AE1AE}.Release|Any CPU.Build.0 = Release|Any CPU
		{880533A9-44FD-4265-8785-9AFDA48004A9}.Debug|Any CPU.ActiveCfg = Debug|Any CPU
		{880533A9-44FD-4265-8785-9AFDA48004A9}.Debug|Any CPU.Build.0 = Debug|Any CPU
		{880533A9-44FD-4265-8785-9AFDA48004A9}.Release|Any CPU.ActiveCfg = Release|Any CPU
		{880533A9-44FD-4265-8785-9AFDA48004A9}.Release|Any CPU.Build.0 = Release|Any CPU
		{5A3114B1-3FDB-40CC-A600-26262C870E6C}.Debug|Any CPU.ActiveCfg = Debug|Any CPU
		{5A3114B1-3FDB-40CC-A600-26262C870E6C}.Debug|Any CPU.Build.0 = Debug|Any CPU
		{5A3114B1-3FDB-40CC-A600-26262C870E6C}.Release|Any CPU.ActiveCfg = Release|Any CPU
		{5A3114B1-3FDB-40CC-A600-26262C870E6C}.Release|Any CPU.Build.0 = Release|Any CPU
		{294A34CA-DFC9-4944-AADE-8E1E38F83CFA}.Debug|Any CPU.ActiveCfg = Debug|Any CPU
		{294A34CA-DFC9-4944-AADE-8E1E38F83CFA}.Debug|Any CPU.Build.0 = Debug|Any CPU
		{294A34CA-DFC9-4944-AADE-8E1E38F83CFA}.Release|Any CPU.ActiveCfg = Release|Any CPU
		{294A34CA-DFC9-4944-AADE-8E1E38F83CFA}.Release|Any CPU.Build.0 = Release|Any CPU
		{CDB02D3A-BDD1-494F-B5B2-3B332EBB686C}.Debug|Any CPU.ActiveCfg = Debug|Any CPU
		{CDB02D3A-BDD1-494F-B5B2-3B332EBB686C}.Debug|Any CPU.Build.0 = Debug|Any CPU
		{CDB02D3A-BDD1-494F-B5B2-3B332EBB686C}.Release|Any CPU.ActiveCfg = Release|Any CPU
		{CDB02D3A-BDD1-494F-B5B2-3B332EBB686C}.Release|Any CPU.Build.0 = Release|Any CPU
		{B8A8FC3F-6966-4F16-9BBC-FC6DE6B06D10}.Debug|Any CPU.ActiveCfg = Debug|Any CPU
		{B8A8FC3F-6966-4F16-9BBC-FC6DE6B06D10}.Debug|Any CPU.Build.0 = Debug|Any CPU
		{B8A8FC3F-6966-4F16-9BBC-FC6DE6B06D10}.Release|Any CPU.ActiveCfg = Release|Any CPU
		{B8A8FC3F-6966-4F16-9BBC-FC6DE6B06D10}.Release|Any CPU.Build.0 = Release|Any CPU
		{F2C639A4-A8A6-4B92-B78B-862B85E6C133}.Debug|Any CPU.ActiveCfg = Debug|Any CPU
		{F2C639A4-A8A6-4B92-B78B-862B85E6C133}.Debug|Any CPU.Build.0 = Debug|Any CPU
		{F2C639A4-A8A6-4B92-B78B-862B85E6C133}.Release|Any CPU.ActiveCfg = Release|Any CPU
		{F2C639A4-A8A6-4B92-B78B-862B85E6C133}.Release|Any CPU.Build.0 = Release|Any CPU
		{BD5274E1-77ED-429C-9514-9B1A4CF2A020}.Debug|Any CPU.ActiveCfg = Debug|Any CPU
		{BD5274E1-77ED-429C-9514-9B1A4CF2A020}.Debug|Any CPU.Build.0 = Debug|Any CPU
		{BD5274E1-77ED-429C-9514-9B1A4CF2A020}.Release|Any CPU.ActiveCfg = Release|Any CPU
		{BD5274E1-77ED-429C-9514-9B1A4CF2A020}.Release|Any CPU.Build.0 = Release|Any CPU
		{F5F1281E-849F-41BF-8F2C-0624607088AC}.Debug|Any CPU.ActiveCfg = Debug|Any CPU
		{F5F1281E-849F-41BF-8F2C-0624607088AC}.Debug|Any CPU.Build.0 = Debug|Any CPU
		{F5F1281E-849F-41BF-8F2C-0624607088AC}.Release|Any CPU.ActiveCfg = Release|Any CPU
		{F5F1281E-849F-41BF-8F2C-0624607088AC}.Release|Any CPU.Build.0 = Release|Any CPU
		{83729BC4-23D7-4283-BBB3-1704D37CD35E}.Debug|Any CPU.ActiveCfg = Debug|Any CPU
		{83729BC4-23D7-4283-BBB3-1704D37CD35E}.Debug|Any CPU.Build.0 = Debug|Any CPU
		{83729BC4-23D7-4283-BBB3-1704D37CD35E}.Release|Any CPU.ActiveCfg = Release|Any CPU
		{83729BC4-23D7-4283-BBB3-1704D37CD35E}.Release|Any CPU.Build.0 = Release|Any CPU
		{05F6C22F-56A9-472E-81FF-07AD88E39108}.Debug|Any CPU.ActiveCfg = Debug|Any CPU
		{05F6C22F-56A9-472E-81FF-07AD88E39108}.Debug|Any CPU.Build.0 = Debug|Any CPU
		{05F6C22F-56A9-472E-81FF-07AD88E39108}.Release|Any CPU.ActiveCfg = Release|Any CPU
		{05F6C22F-56A9-472E-81FF-07AD88E39108}.Release|Any CPU.Build.0 = Release|Any CPU
		{E44148FC-1E88-4920-9933-D97B31E71E0D}.Debug|Any CPU.ActiveCfg = Debug|Any CPU
		{E44148FC-1E88-4920-9933-D97B31E71E0D}.Debug|Any CPU.Build.0 = Debug|Any CPU
		{E44148FC-1E88-4920-9933-D97B31E71E0D}.Release|Any CPU.ActiveCfg = Release|Any CPU
		{E44148FC-1E88-4920-9933-D97B31E71E0D}.Release|Any CPU.Build.0 = Release|Any CPU
<<<<<<< HEAD
		{611E2A8B-E06E-4AD6-9C95-3E8143CFC34F}.Debug|Any CPU.ActiveCfg = Debug|Any CPU
		{611E2A8B-E06E-4AD6-9C95-3E8143CFC34F}.Debug|Any CPU.Build.0 = Debug|Any CPU
		{611E2A8B-E06E-4AD6-9C95-3E8143CFC34F}.Release|Any CPU.ActiveCfg = Release|Any CPU
		{611E2A8B-E06E-4AD6-9C95-3E8143CFC34F}.Release|Any CPU.Build.0 = Release|Any CPU
=======
		{9222C081-0FF0-4E53-891E-AB1E5B195663}.Debug|Any CPU.ActiveCfg = Debug|Any CPU
		{9222C081-0FF0-4E53-891E-AB1E5B195663}.Debug|Any CPU.Build.0 = Debug|Any CPU
		{9222C081-0FF0-4E53-891E-AB1E5B195663}.Release|Any CPU.ActiveCfg = Release|Any CPU
		{9222C081-0FF0-4E53-891E-AB1E5B195663}.Release|Any CPU.Build.0 = Release|Any CPU
>>>>>>> 0ef541ac5347f8d77f07491806e6d67bfec75ca8
	EndGlobalSection
	GlobalSection(SolutionProperties) = preSolution
		HideSolutionNode = FALSE
	EndGlobalSection
	GlobalSection(NestedProjects) = preSolution
		{EF39AE62-08C7-41CD-BE9A-A0CA55D69AA0} = {EA175D36-5184-4674-AEB4-3FE47CAD8FCB}
		{F4B93ED8-65B6-4BE2-9EF6-23AA34539217} = {C5A35D50-1FCF-427C-BE4C-5C95650476FB}
		{C52A608B-061C-4EC8-B94C-ED12542F43B1} = {C5A35D50-1FCF-427C-BE4C-5C95650476FB}
		{D46A01CE-F44B-4FFC-A099-719D223AF4B1} = {C5A35D50-1FCF-427C-BE4C-5C95650476FB}
		{D2E2AE76-D815-4459-8070-6F5840A0E151} = {C5A35D50-1FCF-427C-BE4C-5C95650476FB}
		{11483382-1392-4563-B371-BE6412DC9184} = {C5A35D50-1FCF-427C-BE4C-5C95650476FB}
		{79400F75-60AD-486A-8E33-7C8F034AE1AE} = {BBA6A23C-E42F-4826-ADE3-F1A07E6E9469}
		{880533A9-44FD-4265-8785-9AFDA48004A9} = {1481F2FE-8A00-432D-81E2-D8BB365E46FA}
		{5A3114B1-3FDB-40CC-A600-26262C870E6C} = {BBA6A23C-E42F-4826-ADE3-F1A07E6E9469}
		{294A34CA-DFC9-4944-AADE-8E1E38F83CFA} = {63B08ED6-4C24-40ED-ABBC-5355F8855F75}
		{CDB02D3A-BDD1-494F-B5B2-3B332EBB686C} = {1481F2FE-8A00-432D-81E2-D8BB365E46FA}
		{B8A8FC3F-6966-4F16-9BBC-FC6DE6B06D10} = {1481F2FE-8A00-432D-81E2-D8BB365E46FA}
		{F2C639A4-A8A6-4B92-B78B-862B85E6C133} = {1481F2FE-8A00-432D-81E2-D8BB365E46FA}
		{BD5274E1-77ED-429C-9514-9B1A4CF2A020} = {BBA6A23C-E42F-4826-ADE3-F1A07E6E9469}
		{F5F1281E-849F-41BF-8F2C-0624607088AC} = {D49493A6-1E8D-4A48-A54E-2A4F6C9AED91}
		{83729BC4-23D7-4283-BBB3-1704D37CD35E} = {8A59A8CE-0E5A-4BC0-8B77-65A3A40BC03A}
		{05F6C22F-56A9-472E-81FF-07AD88E39108} = {97532CE7-E23E-4568-A68E-277E671293AD}
		{E44148FC-1E88-4920-9933-D97B31E71E0D} = {97532CE7-E23E-4568-A68E-277E671293AD}
<<<<<<< HEAD
		{611E2A8B-E06E-4AD6-9C95-3E8143CFC34F} = {D49493A6-1E8D-4A48-A54E-2A4F6C9AED91}
=======
		{9222C081-0FF0-4E53-891E-AB1E5B195663} = {EA175D36-5184-4674-AEB4-3FE47CAD8FCB}
>>>>>>> 0ef541ac5347f8d77f07491806e6d67bfec75ca8
	EndGlobalSection
	GlobalSection(ExtensibilityGlobals) = postSolution
		SolutionGuid = {4E8D1C5B-F748-493D-B625-3AD55E3D18DD}
	EndGlobalSection
EndGlobal
