
Microsoft Visual Studio Solution File, Format Version 12.00
# Visual Studio 15
VisualStudioVersion = 15.0.27703.2047
MinimumVisualStudioVersion = 10.0.40219.1
Project("{9A19103F-16F7-4668-BE54-9A1E7A4F7556}") = "MvcApplicationSample", "MvcApplicationSample\MvcApplicationSample.csproj", "{40C36FBD-3CB8-42D9-B724-9A05F8DA67BF}"
EndProject
Project("{E53339B2-1760-4266-BCC7-CA923CBCF16C}") = "docker-compose", "docker-compose.dcproj", "{0FFC9FB6-AEA7-478D-8275-9F45DCF69246}"
EndProject
Global
	GlobalSection(SolutionConfigurationPlatforms) = preSolution
		Debug|Any CPU = Debug|Any CPU
		Release|Any CPU = Release|Any CPU
	EndGlobalSection
	GlobalSection(ProjectConfigurationPlatforms) = postSolution
		{40C36FBD-3CB8-42D9-B724-9A05F8DA67BF}.Debug|Any CPU.ActiveCfg = Debug|Any CPU
		{40C36FBD-3CB8-42D9-B724-9A05F8DA67BF}.Debug|Any CPU.Build.0 = Debug|Any CPU
		{40C36FBD-3CB8-42D9-B724-9A05F8DA67BF}.Release|Any CPU.ActiveCfg = Release|Any CPU
		{40C36FBD-3CB8-42D9-B724-9A05F8DA67BF}.Release|Any CPU.Build.0 = Release|Any CPU
		{0FFC9FB6-AEA7-478D-8275-9F45DCF69246}.Debug|Any CPU.ActiveCfg = Debug|Any CPU
		{0FFC9FB6-AEA7-478D-8275-9F45DCF69246}.Debug|Any CPU.Build.0 = Debug|Any CPU
		{0FFC9FB6-AEA7-478D-8275-9F45DCF69246}.Release|Any CPU.ActiveCfg = Release|Any CPU
		{0FFC9FB6-AEA7-478D-8275-9F45DCF69246}.Release|Any CPU.Build.0 = Release|Any CPU
	EndGlobalSection
	GlobalSection(SolutionProperties) = preSolution
		HideSolutionNode = FALSE
	EndGlobalSection
	GlobalSection(ExtensibilityGlobals) = postSolution
		SolutionGuid = {670F5FFF-3E9A-4911-AEDB-D7ACAFC251E3}
	EndGlobalSection
EndGlobal
