
Microsoft Visual Studio Solution File, Format Version 12.00
# Visual Studio 15
VisualStudioVersion = 15.0.26124.0
MinimumVisualStudioVersion = 15.0.26124.0
Project("{FAE04EC0-301F-11D3-BF4B-00C04F79EFBC}") = "Producer", "Producer\Producer.csproj", "{183545B0-1E01-41EC-8097-581BC5943F15}"
EndProject
Project("{FAE04EC0-301F-11D3-BF4B-00C04F79EFBC}") = "Consumer", "Consumer\Consumer.csproj", "{8A8E7FEB-29A8-4514-A372-6C1B2BA7381B}"
EndProject
Project("{2150E333-8FDC-42A3-9474-1A3956D46DE8}") = "Exchange", "Exchange", "{F10C4D49-AFD4-4842-A221-455DB69378B7}"
EndProject
Project("{FAE04EC0-301F-11D3-BF4B-00C04F79EFBC}") = "DirectExchangeSample", "Exchange\DirectExchangeSample\DirectExchangeSample.csproj", "{EA73792B-89D0-4C12-B1D5-A76AA627E3B3}"
EndProject
Project("{FAE04EC0-301F-11D3-BF4B-00C04F79EFBC}") = "FanoutExchangeSample", "Exchange\FanoutExchangeSample\FanoutExchangeSample.csproj", "{76235268-06B0-4003-B81A-6DE3D37F8CDB}"
EndProject
Project("{FAE04EC0-301F-11D3-BF4B-00C04F79EFBC}") = "TopicExchangeSample", "Exchange\TopicExchangeSample\TopicExchangeSample.csproj", "{1ED02119-A5AE-4FF0-AD73-D71DCFDE06C4}"
EndProject
Global
	GlobalSection(SolutionConfigurationPlatforms) = preSolution
		Debug|Any CPU = Debug|Any CPU
		Debug|x64 = Debug|x64
		Debug|x86 = Debug|x86
		Release|Any CPU = Release|Any CPU
		Release|x64 = Release|x64
		Release|x86 = Release|x86
	EndGlobalSection
	GlobalSection(SolutionProperties) = preSolution
		HideSolutionNode = FALSE
	EndGlobalSection
	GlobalSection(ProjectConfigurationPlatforms) = postSolution
		{183545B0-1E01-41EC-8097-581BC5943F15}.Debug|Any CPU.ActiveCfg = Debug|Any CPU
		{183545B0-1E01-41EC-8097-581BC5943F15}.Debug|Any CPU.Build.0 = Debug|Any CPU
		{183545B0-1E01-41EC-8097-581BC5943F15}.Debug|x64.ActiveCfg = Debug|Any CPU
		{183545B0-1E01-41EC-8097-581BC5943F15}.Debug|x64.Build.0 = Debug|Any CPU
		{183545B0-1E01-41EC-8097-581BC5943F15}.Debug|x86.ActiveCfg = Debug|Any CPU
		{183545B0-1E01-41EC-8097-581BC5943F15}.Debug|x86.Build.0 = Debug|Any CPU
		{183545B0-1E01-41EC-8097-581BC5943F15}.Release|Any CPU.ActiveCfg = Release|Any CPU
		{183545B0-1E01-41EC-8097-581BC5943F15}.Release|Any CPU.Build.0 = Release|Any CPU
		{183545B0-1E01-41EC-8097-581BC5943F15}.Release|x64.ActiveCfg = Release|Any CPU
		{183545B0-1E01-41EC-8097-581BC5943F15}.Release|x64.Build.0 = Release|Any CPU
		{183545B0-1E01-41EC-8097-581BC5943F15}.Release|x86.ActiveCfg = Release|Any CPU
		{183545B0-1E01-41EC-8097-581BC5943F15}.Release|x86.Build.0 = Release|Any CPU
		{8A8E7FEB-29A8-4514-A372-6C1B2BA7381B}.Debug|Any CPU.ActiveCfg = Debug|Any CPU
		{8A8E7FEB-29A8-4514-A372-6C1B2BA7381B}.Debug|Any CPU.Build.0 = Debug|Any CPU
		{8A8E7FEB-29A8-4514-A372-6C1B2BA7381B}.Debug|x64.ActiveCfg = Debug|Any CPU
		{8A8E7FEB-29A8-4514-A372-6C1B2BA7381B}.Debug|x64.Build.0 = Debug|Any CPU
		{8A8E7FEB-29A8-4514-A372-6C1B2BA7381B}.Debug|x86.ActiveCfg = Debug|Any CPU
		{8A8E7FEB-29A8-4514-A372-6C1B2BA7381B}.Debug|x86.Build.0 = Debug|Any CPU
		{8A8E7FEB-29A8-4514-A372-6C1B2BA7381B}.Release|Any CPU.ActiveCfg = Release|Any CPU
		{8A8E7FEB-29A8-4514-A372-6C1B2BA7381B}.Release|Any CPU.Build.0 = Release|Any CPU
		{8A8E7FEB-29A8-4514-A372-6C1B2BA7381B}.Release|x64.ActiveCfg = Release|Any CPU
		{8A8E7FEB-29A8-4514-A372-6C1B2BA7381B}.Release|x64.Build.0 = Release|Any CPU
		{8A8E7FEB-29A8-4514-A372-6C1B2BA7381B}.Release|x86.ActiveCfg = Release|Any CPU
		{8A8E7FEB-29A8-4514-A372-6C1B2BA7381B}.Release|x86.Build.0 = Release|Any CPU
		{EA73792B-89D0-4C12-B1D5-A76AA627E3B3}.Debug|Any CPU.ActiveCfg = Debug|Any CPU
		{EA73792B-89D0-4C12-B1D5-A76AA627E3B3}.Debug|Any CPU.Build.0 = Debug|Any CPU
		{EA73792B-89D0-4C12-B1D5-A76AA627E3B3}.Debug|x64.ActiveCfg = Debug|Any CPU
		{EA73792B-89D0-4C12-B1D5-A76AA627E3B3}.Debug|x64.Build.0 = Debug|Any CPU
		{EA73792B-89D0-4C12-B1D5-A76AA627E3B3}.Debug|x86.ActiveCfg = Debug|Any CPU
		{EA73792B-89D0-4C12-B1D5-A76AA627E3B3}.Debug|x86.Build.0 = Debug|Any CPU
		{EA73792B-89D0-4C12-B1D5-A76AA627E3B3}.Release|Any CPU.ActiveCfg = Release|Any CPU
		{EA73792B-89D0-4C12-B1D5-A76AA627E3B3}.Release|Any CPU.Build.0 = Release|Any CPU
		{EA73792B-89D0-4C12-B1D5-A76AA627E3B3}.Release|x64.ActiveCfg = Release|Any CPU
		{EA73792B-89D0-4C12-B1D5-A76AA627E3B3}.Release|x64.Build.0 = Release|Any CPU
		{EA73792B-89D0-4C12-B1D5-A76AA627E3B3}.Release|x86.ActiveCfg = Release|Any CPU
		{EA73792B-89D0-4C12-B1D5-A76AA627E3B3}.Release|x86.Build.0 = Release|Any CPU
		{76235268-06B0-4003-B81A-6DE3D37F8CDB}.Debug|Any CPU.ActiveCfg = Debug|Any CPU
		{76235268-06B0-4003-B81A-6DE3D37F8CDB}.Debug|Any CPU.Build.0 = Debug|Any CPU
		{76235268-06B0-4003-B81A-6DE3D37F8CDB}.Debug|x64.ActiveCfg = Debug|Any CPU
		{76235268-06B0-4003-B81A-6DE3D37F8CDB}.Debug|x64.Build.0 = Debug|Any CPU
		{76235268-06B0-4003-B81A-6DE3D37F8CDB}.Debug|x86.ActiveCfg = Debug|Any CPU
		{76235268-06B0-4003-B81A-6DE3D37F8CDB}.Debug|x86.Build.0 = Debug|Any CPU
		{76235268-06B0-4003-B81A-6DE3D37F8CDB}.Release|Any CPU.ActiveCfg = Release|Any CPU
		{76235268-06B0-4003-B81A-6DE3D37F8CDB}.Release|Any CPU.Build.0 = Release|Any CPU
		{76235268-06B0-4003-B81A-6DE3D37F8CDB}.Release|x64.ActiveCfg = Release|Any CPU
		{76235268-06B0-4003-B81A-6DE3D37F8CDB}.Release|x64.Build.0 = Release|Any CPU
		{76235268-06B0-4003-B81A-6DE3D37F8CDB}.Release|x86.ActiveCfg = Release|Any CPU
		{76235268-06B0-4003-B81A-6DE3D37F8CDB}.Release|x86.Build.0 = Release|Any CPU
		{1ED02119-A5AE-4FF0-AD73-D71DCFDE06C4}.Debug|Any CPU.ActiveCfg = Debug|Any CPU
		{1ED02119-A5AE-4FF0-AD73-D71DCFDE06C4}.Debug|Any CPU.Build.0 = Debug|Any CPU
		{1ED02119-A5AE-4FF0-AD73-D71DCFDE06C4}.Debug|x64.ActiveCfg = Debug|Any CPU
		{1ED02119-A5AE-4FF0-AD73-D71DCFDE06C4}.Debug|x64.Build.0 = Debug|Any CPU
		{1ED02119-A5AE-4FF0-AD73-D71DCFDE06C4}.Debug|x86.ActiveCfg = Debug|Any CPU
		{1ED02119-A5AE-4FF0-AD73-D71DCFDE06C4}.Debug|x86.Build.0 = Debug|Any CPU
		{1ED02119-A5AE-4FF0-AD73-D71DCFDE06C4}.Release|Any CPU.ActiveCfg = Release|Any CPU
		{1ED02119-A5AE-4FF0-AD73-D71DCFDE06C4}.Release|Any CPU.Build.0 = Release|Any CPU
		{1ED02119-A5AE-4FF0-AD73-D71DCFDE06C4}.Release|x64.ActiveCfg = Release|Any CPU
		{1ED02119-A5AE-4FF0-AD73-D71DCFDE06C4}.Release|x64.Build.0 = Release|Any CPU
		{1ED02119-A5AE-4FF0-AD73-D71DCFDE06C4}.Release|x86.ActiveCfg = Release|Any CPU
		{1ED02119-A5AE-4FF0-AD73-D71DCFDE06C4}.Release|x86.Build.0 = Release|Any CPU
	EndGlobalSection
	GlobalSection(NestedProjects) = preSolution
		{EA73792B-89D0-4C12-B1D5-A76AA627E3B3} = {F10C4D49-AFD4-4842-A221-455DB69378B7}
		{76235268-06B0-4003-B81A-6DE3D37F8CDB} = {F10C4D49-AFD4-4842-A221-455DB69378B7}
		{1ED02119-A5AE-4FF0-AD73-D71DCFDE06C4} = {F10C4D49-AFD4-4842-A221-455DB69378B7}
	EndGlobalSection
EndGlobal
