
Microsoft Visual Studio Solution File, Format Version 12.00
# Visual Studio 15
VisualStudioVersion = 15.0.27703.2047
MinimumVisualStudioVersion = 10.0.40219.1
Project("{FAE04EC0-301F-11D3-BF4B-00C04F79EFBC}") = "StyletSamples", "StyletSamples\StyletSamples.csproj", "{EDEA7FB0-8656-4F4B-87A6-B12926B08EE4}"
EndProject
Project("{FAE04EC0-301F-11D3-BF4B-00C04F79EFBC}") = "PureStyleSample", "PureStyleSample\PureStyleSample.csproj", "{FE9C5B19-F456-454D-A996-717D3CFBF27E}"
EndProject
Global
	GlobalSection(SolutionConfigurationPlatforms) = preSolution
		Debug|Any CPU = Debug|Any CPU
		Release|Any CPU = Release|Any CPU
	EndGlobalSection
	GlobalSection(ProjectConfigurationPlatforms) = postSolution
		{EDEA7FB0-8656-4F4B-87A6-B12926B08EE4}.Debug|Any CPU.ActiveCfg = Debug|Any CPU
		{EDEA7FB0-8656-4F4B-87A6-B12926B08EE4}.Debug|Any CPU.Build.0 = Debug|Any CPU
		{EDEA7FB0-8656-4F4B-87A6-B12926B08EE4}.Release|Any CPU.ActiveCfg = Release|Any CPU
		{EDEA7FB0-8656-4F4B-87A6-B12926B08EE4}.Release|Any CPU.Build.0 = Release|Any CPU
		{FE9C5B19-F456-454D-A996-717D3CFBF27E}.Debug|Any CPU.ActiveCfg = Debug|Any CPU
		{FE9C5B19-F456-454D-A996-717D3CFBF27E}.Debug|Any CPU.Build.0 = Debug|Any CPU
		{FE9C5B19-F456-454D-A996-717D3CFBF27E}.Release|Any CPU.ActiveCfg = Release|Any CPU
		{FE9C5B19-F456-454D-A996-717D3CFBF27E}.Release|Any CPU.Build.0 = Release|Any CPU
	EndGlobalSection
	GlobalSection(SolutionProperties) = preSolution
		HideSolutionNode = FALSE
	EndGlobalSection
	GlobalSection(ExtensibilityGlobals) = postSolution
		SolutionGuid = {00E8F4F8-A2C0-4AB2-9AED-4CAE73E3A7C6}
	EndGlobalSection
EndGlobal
