
Microsoft Visual Studio Solution File, Format Version 12.00
# Visual Studio 15
VisualStudioVersion = 15.0.27703.2047
MinimumVisualStudioVersion = 10.0.40219.1
Project("{FAE04EC0-301F-11D3-BF4B-00C04F79EFBC}") = "CodeIntroWPF", "CodeIntroWPF\CodeIntroWPF.csproj", "{107F33E3-1599-4B4A-86AB-BBD629429593}"
EndProject
Project("{FAE04EC0-301F-11D3-BF4B-00C04F79EFBC}") = "CodeIntroUWP", "CodeIntroUWP\CodeIntroUWP.csproj", "{BF519DBC-D67C-42BC-8255-5FA52C4E3727}"
EndProject
Project("{FAE04EC0-301F-11D3-BF4B-00C04F79EFBC}") = "DataLib", "DataLib\DataLib.csproj", "{3064FC62-E784-4329-B717-E337279FF7E3}"
EndProject
Project("{FAE04EC0-301F-11D3-BF4B-00C04F79EFBC}") = "XAMLIntroWPF", "XAMLIntroWPF\XAMLIntroWPF.csproj", "{DA0E4767-9EE5-423C-877B-6BD2BFC274C0}"
EndProject
Project("{FAE04EC0-301F-11D3-BF4B-00C04F79EFBC}") = "MyDependencyObjectWPF", "MyDependencyObject\MyDependencyObjectWPF.csproj", "{BB886AD4-AD28-4F0F-908E-1890BEAEFEB1}"
EndProject
Project("{FAE04EC0-301F-11D3-BF4B-00C04F79EFBC}") = "RoutedEventsWPF", "RoutedEventsWPF\RoutedEventsWPF.csproj", "{7F223731-64FB-48C3-93CA-EF4CBB94FF10}"
EndProject
Project("{FAE04EC0-301F-11D3-BF4B-00C04F79EFBC}") = "AttachedPropertyDemo", "AttachedPropertyDemo\AttachedPropertyDemo.csproj", "{4795424B-8526-4E47-8772-6910480C5B1F}"
EndProject
Project("{FAE04EC0-301F-11D3-BF4B-00C04F79EFBC}") = "MakeupWPF", "MakeupWPF\MakeupWPF.csproj", "{A83A8613-C0F2-49F2-995C-E54C6B0F864C}"
EndProject
Project("{2150E333-8FDC-42A3-9474-1A3956D46DE8}") = "StylesOfWPF", "StylesOfWPF", "{6167B211-43C1-4205-AA9C-556793192906}"
EndProject
Project("{FAE04EC0-301F-11D3-BF4B-00C04F79EFBC}") = "ShapeSampleWPF", "ShapeSampleWPF\ShapeSampleWPF.csproj", "{C1ED6472-52E2-4BDA-9ECC-D1DB3CBC05C4}"
EndProject
Project("{FAE04EC0-301F-11D3-BF4B-00C04F79EFBC}") = "StylesAndResourcesWPF", "StylesAndResourcesWPF\StylesAndResourcesWPF.csproj", "{189CB263-7AB1-4DCA-B4C6-0A206F9D36F0}"
EndProject
Project("{FAE04EC0-301F-11D3-BF4B-00C04F79EFBC}") = "TemplatesWPF", "TemplatesWPF\TemplatesWPF.csproj", "{B948F25D-CC97-4D9D-8AC5-BBF72C79C923}"
EndProject
Project("{9A19103F-16F7-4668-BE54-9A1E7A4F7556}") = "ModelWPF", "ModelWPF\ModelWPF.csproj", "{E31848C0-B368-4880-B209-FBE7B0184026}"
EndProject
Project("{FAE04EC0-301F-11D3-BF4B-00C04F79EFBC}") = "TypeConvertSample", "TypeConvertSample\TypeConvertSample.csproj", "{CC519023-606E-4814-BFDA-A25AD75C8C3B}"
EndProject
Project("{2150E333-8FDC-42A3-9474-1A3956D46DE8}") = "Banding", "Banding", "{2F493888-077D-4C3E-ACA0-B617362C0A94}"
EndProject
Project("{FAE04EC0-301F-11D3-BF4B-00C04F79EFBC}") = "BadingSamples", "BadingSamples\BadingSamples.csproj", "{E2847012-6254-48AD-A2F8-921989B37C9B}"
EndProject
Global
	GlobalSection(SolutionConfigurationPlatforms) = preSolution
		Debug|Any CPU = Debug|Any CPU
		Release|Any CPU = Release|Any CPU
	EndGlobalSection
	GlobalSection(ProjectConfigurationPlatforms) = postSolution
		{107F33E3-1599-4B4A-86AB-BBD629429593}.Debug|Any CPU.ActiveCfg = Debug|Any CPU
		{107F33E3-1599-4B4A-86AB-BBD629429593}.Debug|Any CPU.Build.0 = Debug|Any CPU
		{107F33E3-1599-4B4A-86AB-BBD629429593}.Release|Any CPU.ActiveCfg = Release|Any CPU
		{107F33E3-1599-4B4A-86AB-BBD629429593}.Release|Any CPU.Build.0 = Release|Any CPU
		{BF519DBC-D67C-42BC-8255-5FA52C4E3727}.Debug|Any CPU.ActiveCfg = Debug|Any CPU
		{BF519DBC-D67C-42BC-8255-5FA52C4E3727}.Debug|Any CPU.Build.0 = Debug|Any CPU
		{BF519DBC-D67C-42BC-8255-5FA52C4E3727}.Release|Any CPU.ActiveCfg = Release|Any CPU
		{BF519DBC-D67C-42BC-8255-5FA52C4E3727}.Release|Any CPU.Build.0 = Release|Any CPU
		{3064FC62-E784-4329-B717-E337279FF7E3}.Debug|Any CPU.ActiveCfg = Debug|Any CPU
		{3064FC62-E784-4329-B717-E337279FF7E3}.Debug|Any CPU.Build.0 = Debug|Any CPU
		{3064FC62-E784-4329-B717-E337279FF7E3}.Release|Any CPU.ActiveCfg = Release|Any CPU
		{3064FC62-E784-4329-B717-E337279FF7E3}.Release|Any CPU.Build.0 = Release|Any CPU
		{DA0E4767-9EE5-423C-877B-6BD2BFC274C0}.Debug|Any CPU.ActiveCfg = Debug|Any CPU
		{DA0E4767-9EE5-423C-877B-6BD2BFC274C0}.Debug|Any CPU.Build.0 = Debug|Any CPU
		{DA0E4767-9EE5-423C-877B-6BD2BFC274C0}.Release|Any CPU.ActiveCfg = Release|Any CPU
		{DA0E4767-9EE5-423C-877B-6BD2BFC274C0}.Release|Any CPU.Build.0 = Release|Any CPU
		{BB886AD4-AD28-4F0F-908E-1890BEAEFEB1}.Debug|Any CPU.ActiveCfg = Debug|Any CPU
		{BB886AD4-AD28-4F0F-908E-1890BEAEFEB1}.Debug|Any CPU.Build.0 = Debug|Any CPU
		{BB886AD4-AD28-4F0F-908E-1890BEAEFEB1}.Release|Any CPU.ActiveCfg = Release|Any CPU
		{BB886AD4-AD28-4F0F-908E-1890BEAEFEB1}.Release|Any CPU.Build.0 = Release|Any CPU
		{7F223731-64FB-48C3-93CA-EF4CBB94FF10}.Debug|Any CPU.ActiveCfg = Debug|Any CPU
		{7F223731-64FB-48C3-93CA-EF4CBB94FF10}.Debug|Any CPU.Build.0 = Debug|Any CPU
		{7F223731-64FB-48C3-93CA-EF4CBB94FF10}.Release|Any CPU.ActiveCfg = Release|Any CPU
		{7F223731-64FB-48C3-93CA-EF4CBB94FF10}.Release|Any CPU.Build.0 = Release|Any CPU
		{4795424B-8526-4E47-8772-6910480C5B1F}.Debug|Any CPU.ActiveCfg = Debug|Any CPU
		{4795424B-8526-4E47-8772-6910480C5B1F}.Debug|Any CPU.Build.0 = Debug|Any CPU
		{4795424B-8526-4E47-8772-6910480C5B1F}.Release|Any CPU.ActiveCfg = Release|Any CPU
		{4795424B-8526-4E47-8772-6910480C5B1F}.Release|Any CPU.Build.0 = Release|Any CPU
		{A83A8613-C0F2-49F2-995C-E54C6B0F864C}.Debug|Any CPU.ActiveCfg = Debug|Any CPU
		{A83A8613-C0F2-49F2-995C-E54C6B0F864C}.Debug|Any CPU.Build.0 = Debug|Any CPU
		{A83A8613-C0F2-49F2-995C-E54C6B0F864C}.Release|Any CPU.ActiveCfg = Release|Any CPU
		{A83A8613-C0F2-49F2-995C-E54C6B0F864C}.Release|Any CPU.Build.0 = Release|Any CPU
		{C1ED6472-52E2-4BDA-9ECC-D1DB3CBC05C4}.Debug|Any CPU.ActiveCfg = Debug|Any CPU
		{C1ED6472-52E2-4BDA-9ECC-D1DB3CBC05C4}.Debug|Any CPU.Build.0 = Debug|Any CPU
		{C1ED6472-52E2-4BDA-9ECC-D1DB3CBC05C4}.Release|Any CPU.ActiveCfg = Release|Any CPU
		{C1ED6472-52E2-4BDA-9ECC-D1DB3CBC05C4}.Release|Any CPU.Build.0 = Release|Any CPU
		{189CB263-7AB1-4DCA-B4C6-0A206F9D36F0}.Debug|Any CPU.ActiveCfg = Debug|Any CPU
		{189CB263-7AB1-4DCA-B4C6-0A206F9D36F0}.Debug|Any CPU.Build.0 = Debug|Any CPU
		{189CB263-7AB1-4DCA-B4C6-0A206F9D36F0}.Release|Any CPU.ActiveCfg = Release|Any CPU
		{189CB263-7AB1-4DCA-B4C6-0A206F9D36F0}.Release|Any CPU.Build.0 = Release|Any CPU
		{B948F25D-CC97-4D9D-8AC5-BBF72C79C923}.Debug|Any CPU.ActiveCfg = Debug|Any CPU
		{B948F25D-CC97-4D9D-8AC5-BBF72C79C923}.Debug|Any CPU.Build.0 = Debug|Any CPU
		{B948F25D-CC97-4D9D-8AC5-BBF72C79C923}.Release|Any CPU.ActiveCfg = Release|Any CPU
		{B948F25D-CC97-4D9D-8AC5-BBF72C79C923}.Release|Any CPU.Build.0 = Release|Any CPU
		{E31848C0-B368-4880-B209-FBE7B0184026}.Debug|Any CPU.ActiveCfg = Debug|Any CPU
		{E31848C0-B368-4880-B209-FBE7B0184026}.Debug|Any CPU.Build.0 = Debug|Any CPU
		{E31848C0-B368-4880-B209-FBE7B0184026}.Release|Any CPU.ActiveCfg = Release|Any CPU
		{E31848C0-B368-4880-B209-FBE7B0184026}.Release|Any CPU.Build.0 = Release|Any CPU
		{CC519023-606E-4814-BFDA-A25AD75C8C3B}.Debug|Any CPU.ActiveCfg = Debug|Any CPU
		{CC519023-606E-4814-BFDA-A25AD75C8C3B}.Debug|Any CPU.Build.0 = Debug|Any CPU
		{CC519023-606E-4814-BFDA-A25AD75C8C3B}.Release|Any CPU.ActiveCfg = Release|Any CPU
		{CC519023-606E-4814-BFDA-A25AD75C8C3B}.Release|Any CPU.Build.0 = Release|Any CPU
		{E2847012-6254-48AD-A2F8-921989B37C9B}.Debug|Any CPU.ActiveCfg = Debug|Any CPU
		{E2847012-6254-48AD-A2F8-921989B37C9B}.Debug|Any CPU.Build.0 = Debug|Any CPU
		{E2847012-6254-48AD-A2F8-921989B37C9B}.Release|Any CPU.ActiveCfg = Release|Any CPU
		{E2847012-6254-48AD-A2F8-921989B37C9B}.Release|Any CPU.Build.0 = Release|Any CPU
	EndGlobalSection
	GlobalSection(SolutionProperties) = preSolution
		HideSolutionNode = FALSE
	EndGlobalSection
	GlobalSection(NestedProjects) = preSolution
		{C1ED6472-52E2-4BDA-9ECC-D1DB3CBC05C4} = {6167B211-43C1-4205-AA9C-556793192906}
		{189CB263-7AB1-4DCA-B4C6-0A206F9D36F0} = {6167B211-43C1-4205-AA9C-556793192906}
		{B948F25D-CC97-4D9D-8AC5-BBF72C79C923} = {6167B211-43C1-4205-AA9C-556793192906}
		{E31848C0-B368-4880-B209-FBE7B0184026} = {6167B211-43C1-4205-AA9C-556793192906}
		{E2847012-6254-48AD-A2F8-921989B37C9B} = {2F493888-077D-4C3E-ACA0-B617362C0A94}
	EndGlobalSection
	GlobalSection(ExtensibilityGlobals) = postSolution
		SolutionGuid = {646FF0F9-91C5-4A26-8AF9-2FE17B336438}
	EndGlobalSection
EndGlobal
