
Microsoft Visual Studio Solution File, Format Version 12.00
# Visual Studio Version 17
VisualStudioVersion = 17.0.31612.314
MinimumVisualStudioVersion = 15.0.26124.0
Project("{2150E333-8FDC-42A3-9474-1A3956D46DE8}") = "BuilderDesigin", "BuilderDesigin", "{28CB4B09-0F71-4754-B3B1-81D8EEB34F13}"
EndProject
Project("{2150E333-8FDC-42A3-9474-1A3956D46DE8}") = "ObserverDesigin", "ObserverDesigin", "{93B8B071-0AC7-4637-92E2-D0E41BCBBA34}"
EndProject
Project("{9A19103F-16F7-4668-BE54-9A1E7A4F7556}") = "BasicObserverDesign", "BasicObserverDesign\BasicObserverDesign.csproj", "{DDF0A5F1-E9E0-45D0-B627-A3A3F91989F8}"
EndProject
Project("{9A19103F-16F7-4668-BE54-9A1E7A4F7556}") = "SingletonPatternDesigins", "SingletonPattern\SingletonPatternDesigins\SingletonPatternDesigins.csproj", "{86FCAC08-812F-4FD7-BD65-3B240F8B9CDE}"
EndProject
Project("{9A19103F-16F7-4668-BE54-9A1E7A4F7556}") = "BuilderPatternDesign", "BuilderPatternDesign\BuilderPatternDesign.csproj", "{9AD958E2-3EF6-4715-B139-834FB7B1EFAA}"
EndProject
Project("{2150E333-8FDC-42A3-9474-1A3956D46DE8}") = "PrototypePattern", "PrototypePattern", "{36266E1B-BDE5-4169-8904-E0EB64A2C0E8}"
EndProject
Project("{9A19103F-16F7-4668-BE54-9A1E7A4F7556}") = "PrototypePattern", "PrototypePattern\PrototypePattern\PrototypePattern.csproj", "{5D3269E1-EFFE-4B9C-A392-5502F2B5F847}"
EndProject
Project("{9A19103F-16F7-4668-BE54-9A1E7A4F7556}") = "AdapterPatternDesigin", "AdapterPattern\AdapterPatternDesigin\AdapterPatternDesigin.csproj", "{8800692E-A635-4113-8B61-0C2F8AE6D5AF}"
EndProject
Project("{2150E333-8FDC-42A3-9474-1A3956D46DE8}") = "AdapterPattern", "AdapterPattern", "{64963383-7554-4E11-9CF2-627F0699B00C}"
EndProject
Project("{9A19103F-16F7-4668-BE54-9A1E7A4F7556}") = "AdapterPatternDesigin.Console", "AdapterPattern\AdapterPatternDesigin.Console\AdapterPatternDesigin.Console.csproj", "{BD45B52B-955B-45D1-A270-556913F984E2}"
EndProject
Project("{2150E333-8FDC-42A3-9474-1A3956D46DE8}") = "BridgeDesigin", "BridgeDesigin", "{0C9B8BD5-5A9A-4025-8530-312FE0CB6999}"
EndProject
Project("{9A19103F-16F7-4668-BE54-9A1E7A4F7556}") = "BridgePatternDesigin", "BridgePatternDesigin\BridgePatternDesigin\BridgePatternDesigin.csproj", "{4CD62BE7-B805-4112-AB7D-8564A321BF08}"
EndProject
Project("{2150E333-8FDC-42A3-9474-1A3956D46DE8}") = "SingletonPattern", "SingletonPattern", "{EFEDD438-9894-4811-8B2D-99896AF00134}"
EndProject
Project("{9A19103F-16F7-4668-BE54-9A1E7A4F7556}") = "PrototypePattern.Test", "PrototypePattern\PrototypePattern.Test\PrototypePattern.Test.csproj", "{DC15B79D-4AD5-42A8-873B-25683A714006}"
EndProject
Project("{2150E333-8FDC-42A3-9474-1A3956D46DE8}") = "FilterDesigin", "FilterDesigin", "{65206BE2-C9CE-4F75-9CDD-073E1E4FA0E0}"
EndProject
Project("{FAE04EC0-301F-11D3-BF4B-00C04F79EFBC}") = "FilterPatternDesigin", "FilterPatternDesign\FilterPatternDesigin\FilterPatternDesigin.csproj", "{D5628D73-EC8B-4FE5-B3F7-E3A1EB27692A}"
EndProject
Global
	GlobalSection(SolutionConfigurationPlatforms) = preSolution
		Debug|Any CPU = Debug|Any CPU
		Debug|x64 = Debug|x64
		Debug|x86 = Debug|x86
		Release|Any CPU = Release|Any CPU
		Release|x64 = Release|x64
		Release|x86 = Release|x86
	EndGlobalSection
	GlobalSection(ProjectConfigurationPlatforms) = postSolution
		{DDF0A5F1-E9E0-45D0-B627-A3A3F91989F8}.Debug|Any CPU.ActiveCfg = Debug|Any CPU
		{DDF0A5F1-E9E0-45D0-B627-A3A3F91989F8}.Debug|Any CPU.Build.0 = Debug|Any CPU
		{DDF0A5F1-E9E0-45D0-B627-A3A3F91989F8}.Debug|x64.ActiveCfg = Debug|Any CPU
		{DDF0A5F1-E9E0-45D0-B627-A3A3F91989F8}.Debug|x64.Build.0 = Debug|Any CPU
		{DDF0A5F1-E9E0-45D0-B627-A3A3F91989F8}.Debug|x86.ActiveCfg = Debug|Any CPU
		{DDF0A5F1-E9E0-45D0-B627-A3A3F91989F8}.Debug|x86.Build.0 = Debug|Any CPU
		{DDF0A5F1-E9E0-45D0-B627-A3A3F91989F8}.Release|Any CPU.ActiveCfg = Release|Any CPU
		{DDF0A5F1-E9E0-45D0-B627-A3A3F91989F8}.Release|Any CPU.Build.0 = Release|Any CPU
		{DDF0A5F1-E9E0-45D0-B627-A3A3F91989F8}.Release|x64.ActiveCfg = Release|Any CPU
		{DDF0A5F1-E9E0-45D0-B627-A3A3F91989F8}.Release|x64.Build.0 = Release|Any CPU
		{DDF0A5F1-E9E0-45D0-B627-A3A3F91989F8}.Release|x86.ActiveCfg = Release|Any CPU
		{DDF0A5F1-E9E0-45D0-B627-A3A3F91989F8}.Release|x86.Build.0 = Release|Any CPU
		{86FCAC08-812F-4FD7-BD65-3B240F8B9CDE}.Debug|Any CPU.ActiveCfg = Debug|Any CPU
		{86FCAC08-812F-4FD7-BD65-3B240F8B9CDE}.Debug|Any CPU.Build.0 = Debug|Any CPU
		{86FCAC08-812F-4FD7-BD65-3B240F8B9CDE}.Debug|x64.ActiveCfg = Debug|Any CPU
		{86FCAC08-812F-4FD7-BD65-3B240F8B9CDE}.Debug|x64.Build.0 = Debug|Any CPU
		{86FCAC08-812F-4FD7-BD65-3B240F8B9CDE}.Debug|x86.ActiveCfg = Debug|Any CPU
		{86FCAC08-812F-4FD7-BD65-3B240F8B9CDE}.Debug|x86.Build.0 = Debug|Any CPU
		{86FCAC08-812F-4FD7-BD65-3B240F8B9CDE}.Release|Any CPU.ActiveCfg = Release|Any CPU
		{86FCAC08-812F-4FD7-BD65-3B240F8B9CDE}.Release|Any CPU.Build.0 = Release|Any CPU
		{86FCAC08-812F-4FD7-BD65-3B240F8B9CDE}.Release|x64.ActiveCfg = Release|Any CPU
		{86FCAC08-812F-4FD7-BD65-3B240F8B9CDE}.Release|x64.Build.0 = Release|Any CPU
		{86FCAC08-812F-4FD7-BD65-3B240F8B9CDE}.Release|x86.ActiveCfg = Release|Any CPU
		{86FCAC08-812F-4FD7-BD65-3B240F8B9CDE}.Release|x86.Build.0 = Release|Any CPU
		{9AD958E2-3EF6-4715-B139-834FB7B1EFAA}.Debug|Any CPU.ActiveCfg = Debug|Any CPU
		{9AD958E2-3EF6-4715-B139-834FB7B1EFAA}.Debug|Any CPU.Build.0 = Debug|Any CPU
		{9AD958E2-3EF6-4715-B139-834FB7B1EFAA}.Debug|x64.ActiveCfg = Debug|Any CPU
		{9AD958E2-3EF6-4715-B139-834FB7B1EFAA}.Debug|x64.Build.0 = Debug|Any CPU
		{9AD958E2-3EF6-4715-B139-834FB7B1EFAA}.Debug|x86.ActiveCfg = Debug|Any CPU
		{9AD958E2-3EF6-4715-B139-834FB7B1EFAA}.Debug|x86.Build.0 = Debug|Any CPU
		{9AD958E2-3EF6-4715-B139-834FB7B1EFAA}.Release|Any CPU.ActiveCfg = Release|Any CPU
		{9AD958E2-3EF6-4715-B139-834FB7B1EFAA}.Release|Any CPU.Build.0 = Release|Any CPU
		{9AD958E2-3EF6-4715-B139-834FB7B1EFAA}.Release|x64.ActiveCfg = Release|Any CPU
		{9AD958E2-3EF6-4715-B139-834FB7B1EFAA}.Release|x64.Build.0 = Release|Any CPU
		{9AD958E2-3EF6-4715-B139-834FB7B1EFAA}.Release|x86.ActiveCfg = Release|Any CPU
		{9AD958E2-3EF6-4715-B139-834FB7B1EFAA}.Release|x86.Build.0 = Release|Any CPU
		{5D3269E1-EFFE-4B9C-A392-5502F2B5F847}.Debug|Any CPU.ActiveCfg = Debug|Any CPU
		{5D3269E1-EFFE-4B9C-A392-5502F2B5F847}.Debug|Any CPU.Build.0 = Debug|Any CPU
		{5D3269E1-EFFE-4B9C-A392-5502F2B5F847}.Debug|x64.ActiveCfg = Debug|Any CPU
		{5D3269E1-EFFE-4B9C-A392-5502F2B5F847}.Debug|x64.Build.0 = Debug|Any CPU
		{5D3269E1-EFFE-4B9C-A392-5502F2B5F847}.Debug|x86.ActiveCfg = Debug|Any CPU
		{5D3269E1-EFFE-4B9C-A392-5502F2B5F847}.Debug|x86.Build.0 = Debug|Any CPU
		{5D3269E1-EFFE-4B9C-A392-5502F2B5F847}.Release|Any CPU.ActiveCfg = Release|Any CPU
		{5D3269E1-EFFE-4B9C-A392-5502F2B5F847}.Release|Any CPU.Build.0 = Release|Any CPU
		{5D3269E1-EFFE-4B9C-A392-5502F2B5F847}.Release|x64.ActiveCfg = Release|Any CPU
		{5D3269E1-EFFE-4B9C-A392-5502F2B5F847}.Release|x64.Build.0 = Release|Any CPU
		{5D3269E1-EFFE-4B9C-A392-5502F2B5F847}.Release|x86.ActiveCfg = Release|Any CPU
		{5D3269E1-EFFE-4B9C-A392-5502F2B5F847}.Release|x86.Build.0 = Release|Any CPU
		{8800692E-A635-4113-8B61-0C2F8AE6D5AF}.Debug|Any CPU.ActiveCfg = Debug|Any CPU
		{8800692E-A635-4113-8B61-0C2F8AE6D5AF}.Debug|Any CPU.Build.0 = Debug|Any CPU
		{8800692E-A635-4113-8B61-0C2F8AE6D5AF}.Debug|x64.ActiveCfg = Debug|Any CPU
		{8800692E-A635-4113-8B61-0C2F8AE6D5AF}.Debug|x64.Build.0 = Debug|Any CPU
		{8800692E-A635-4113-8B61-0C2F8AE6D5AF}.Debug|x86.ActiveCfg = Debug|Any CPU
		{8800692E-A635-4113-8B61-0C2F8AE6D5AF}.Debug|x86.Build.0 = Debug|Any CPU
		{8800692E-A635-4113-8B61-0C2F8AE6D5AF}.Release|Any CPU.ActiveCfg = Release|Any CPU
		{8800692E-A635-4113-8B61-0C2F8AE6D5AF}.Release|Any CPU.Build.0 = Release|Any CPU
		{8800692E-A635-4113-8B61-0C2F8AE6D5AF}.Release|x64.ActiveCfg = Release|Any CPU
		{8800692E-A635-4113-8B61-0C2F8AE6D5AF}.Release|x64.Build.0 = Release|Any CPU
		{8800692E-A635-4113-8B61-0C2F8AE6D5AF}.Release|x86.ActiveCfg = Release|Any CPU
		{8800692E-A635-4113-8B61-0C2F8AE6D5AF}.Release|x86.Build.0 = Release|Any CPU
		{BD45B52B-955B-45D1-A270-556913F984E2}.Debug|Any CPU.ActiveCfg = Debug|Any CPU
		{BD45B52B-955B-45D1-A270-556913F984E2}.Debug|Any CPU.Build.0 = Debug|Any CPU
		{BD45B52B-955B-45D1-A270-556913F984E2}.Debug|x64.ActiveCfg = Debug|Any CPU
		{BD45B52B-955B-45D1-A270-556913F984E2}.Debug|x64.Build.0 = Debug|Any CPU
		{BD45B52B-955B-45D1-A270-556913F984E2}.Debug|x86.ActiveCfg = Debug|Any CPU
		{BD45B52B-955B-45D1-A270-556913F984E2}.Debug|x86.Build.0 = Debug|Any CPU
		{BD45B52B-955B-45D1-A270-556913F984E2}.Release|Any CPU.ActiveCfg = Release|Any CPU
		{BD45B52B-955B-45D1-A270-556913F984E2}.Release|Any CPU.Build.0 = Release|Any CPU
		{BD45B52B-955B-45D1-A270-556913F984E2}.Release|x64.ActiveCfg = Release|Any CPU
		{BD45B52B-955B-45D1-A270-556913F984E2}.Release|x64.Build.0 = Release|Any CPU
		{BD45B52B-955B-45D1-A270-556913F984E2}.Release|x86.ActiveCfg = Release|Any CPU
		{BD45B52B-955B-45D1-A270-556913F984E2}.Release|x86.Build.0 = Release|Any CPU
		{4CD62BE7-B805-4112-AB7D-8564A321BF08}.Debug|Any CPU.ActiveCfg = Debug|Any CPU
		{4CD62BE7-B805-4112-AB7D-8564A321BF08}.Debug|Any CPU.Build.0 = Debug|Any CPU
		{4CD62BE7-B805-4112-AB7D-8564A321BF08}.Debug|x64.ActiveCfg = Debug|Any CPU
		{4CD62BE7-B805-4112-AB7D-8564A321BF08}.Debug|x64.Build.0 = Debug|Any CPU
		{4CD62BE7-B805-4112-AB7D-8564A321BF08}.Debug|x86.ActiveCfg = Debug|Any CPU
		{4CD62BE7-B805-4112-AB7D-8564A321BF08}.Debug|x86.Build.0 = Debug|Any CPU
		{4CD62BE7-B805-4112-AB7D-8564A321BF08}.Release|Any CPU.ActiveCfg = Release|Any CPU
		{4CD62BE7-B805-4112-AB7D-8564A321BF08}.Release|Any CPU.Build.0 = Release|Any CPU
		{4CD62BE7-B805-4112-AB7D-8564A321BF08}.Release|x64.ActiveCfg = Release|Any CPU
		{4CD62BE7-B805-4112-AB7D-8564A321BF08}.Release|x64.Build.0 = Release|Any CPU
		{4CD62BE7-B805-4112-AB7D-8564A321BF08}.Release|x86.ActiveCfg = Release|Any CPU
		{4CD62BE7-B805-4112-AB7D-8564A321BF08}.Release|x86.Build.0 = Release|Any CPU
		{DC15B79D-4AD5-42A8-873B-25683A714006}.Debug|Any CPU.ActiveCfg = Debug|Any CPU
		{DC15B79D-4AD5-42A8-873B-25683A714006}.Debug|Any CPU.Build.0 = Debug|Any CPU
		{DC15B79D-4AD5-42A8-873B-25683A714006}.Debug|x64.ActiveCfg = Debug|Any CPU
		{DC15B79D-4AD5-42A8-873B-25683A714006}.Debug|x64.Build.0 = Debug|Any CPU
		{DC15B79D-4AD5-42A8-873B-25683A714006}.Debug|x86.ActiveCfg = Debug|Any CPU
		{DC15B79D-4AD5-42A8-873B-25683A714006}.Debug|x86.Build.0 = Debug|Any CPU
		{DC15B79D-4AD5-42A8-873B-25683A714006}.Release|Any CPU.ActiveCfg = Release|Any CPU
		{DC15B79D-4AD5-42A8-873B-25683A714006}.Release|Any CPU.Build.0 = Release|Any CPU
		{DC15B79D-4AD5-42A8-873B-25683A714006}.Release|x64.ActiveCfg = Release|Any CPU
		{DC15B79D-4AD5-42A8-873B-25683A714006}.Release|x64.Build.0 = Release|Any CPU
		{DC15B79D-4AD5-42A8-873B-25683A714006}.Release|x86.ActiveCfg = Release|Any CPU
		{DC15B79D-4AD5-42A8-873B-25683A714006}.Release|x86.Build.0 = Release|Any CPU
		{D5628D73-EC8B-4FE5-B3F7-E3A1EB27692A}.Debug|Any CPU.ActiveCfg = Debug|Any CPU
		{D5628D73-EC8B-4FE5-B3F7-E3A1EB27692A}.Debug|Any CPU.Build.0 = Debug|Any CPU
		{D5628D73-EC8B-4FE5-B3F7-E3A1EB27692A}.Debug|x64.ActiveCfg = Debug|Any CPU
		{D5628D73-EC8B-4FE5-B3F7-E3A1EB27692A}.Debug|x64.Build.0 = Debug|Any CPU
		{D5628D73-EC8B-4FE5-B3F7-E3A1EB27692A}.Debug|x86.ActiveCfg = Debug|Any CPU
		{D5628D73-EC8B-4FE5-B3F7-E3A1EB27692A}.Debug|x86.Build.0 = Debug|Any CPU
		{D5628D73-EC8B-4FE5-B3F7-E3A1EB27692A}.Release|Any CPU.ActiveCfg = Release|Any CPU
		{D5628D73-EC8B-4FE5-B3F7-E3A1EB27692A}.Release|Any CPU.Build.0 = Release|Any CPU
		{D5628D73-EC8B-4FE5-B3F7-E3A1EB27692A}.Release|x64.ActiveCfg = Release|Any CPU
		{D5628D73-EC8B-4FE5-B3F7-E3A1EB27692A}.Release|x64.Build.0 = Release|Any CPU
		{D5628D73-EC8B-4FE5-B3F7-E3A1EB27692A}.Release|x86.ActiveCfg = Release|Any CPU
		{D5628D73-EC8B-4FE5-B3F7-E3A1EB27692A}.Release|x86.Build.0 = Release|Any CPU
	EndGlobalSection
	GlobalSection(SolutionProperties) = preSolution
		HideSolutionNode = FALSE
	EndGlobalSection
	GlobalSection(NestedProjects) = preSolution
		{DDF0A5F1-E9E0-45D0-B627-A3A3F91989F8} = {93B8B071-0AC7-4637-92E2-D0E41BCBBA34}
		{86FCAC08-812F-4FD7-BD65-3B240F8B9CDE} = {EFEDD438-9894-4811-8B2D-99896AF00134}
		{9AD958E2-3EF6-4715-B139-834FB7B1EFAA} = {28CB4B09-0F71-4754-B3B1-81D8EEB34F13}
		{5D3269E1-EFFE-4B9C-A392-5502F2B5F847} = {36266E1B-BDE5-4169-8904-E0EB64A2C0E8}
		{8800692E-A635-4113-8B61-0C2F8AE6D5AF} = {64963383-7554-4E11-9CF2-627F0699B00C}
		{BD45B52B-955B-45D1-A270-556913F984E2} = {64963383-7554-4E11-9CF2-627F0699B00C}
		{4CD62BE7-B805-4112-AB7D-8564A321BF08} = {0C9B8BD5-5A9A-4025-8530-312FE0CB6999}
		{DC15B79D-4AD5-42A8-873B-25683A714006} = {36266E1B-BDE5-4169-8904-E0EB64A2C0E8}
		{D5628D73-EC8B-4FE5-B3F7-E3A1EB27692A} = {65206BE2-C9CE-4F75-9CDD-073E1E4FA0E0}
	EndGlobalSection
	GlobalSection(ExtensibilityGlobals) = postSolution
		SolutionGuid = {67E7C847-3DB7-456D-8678-B423E4664DBD}
	EndGlobalSection
EndGlobal
