
Microsoft Visual Studio Solution File, Format Version 12.00
# Visual Studio Version 16
VisualStudioVersion = 16.0.30717.126
MinimumVisualStudioVersion = 15.0.26124.0
Project("{9A19103F-16F7-4668-BE54-9A1E7A4F7556}") = "DapperTest", "DapperTest\DapperTest.csproj", "{3E3FE718-716A-4EAD-972D-1F2BEE554E15}"
EndProject
Project("{FAE04EC0-301F-11D3-BF4B-00C04F79EFBC}") = "EFCoreTest", "EFCoreTest\EFCoreTest.csproj", "{9322DFB5-426F-4AFF-A4B6-6893E735C5EA}"
EndProject
Global
	GlobalSection(SolutionConfigurationPlatforms) = preSolution
		Debug|Any CPU = Debug|Any CPU
		Debug|x64 = Debug|x64
		Debug|x86 = Debug|x86
		Release|Any CPU = Release|Any CPU
		Release|x64 = Release|x64
		Release|x86 = Release|x86
	EndGlobalSection
	GlobalSection(ProjectConfigurationPlatforms) = postSolution
		{3E3FE718-716A-4EAD-972D-1F2BEE554E15}.Debug|Any CPU.ActiveCfg = Debug|Any CPU
		{3E3FE718-716A-4EAD-972D-1F2BEE554E15}.Debug|Any CPU.Build.0 = Debug|Any CPU
		{3E3FE718-716A-4EAD-972D-1F2BEE554E15}.Debug|x64.ActiveCfg = Debug|Any CPU
		{3E3FE718-716A-4EAD-972D-1F2BEE554E15}.Debug|x64.Build.0 = Debug|Any CPU
		{3E3FE718-716A-4EAD-972D-1F2BEE554E15}.Debug|x86.ActiveCfg = Debug|Any CPU
		{3E3FE718-716A-4EAD-972D-1F2BEE554E15}.Debug|x86.Build.0 = Debug|Any CPU
		{3E3FE718-716A-4EAD-972D-1F2BEE554E15}.Release|Any CPU.ActiveCfg = Release|Any CPU
		{3E3FE718-716A-4EAD-972D-1F2BEE554E15}.Release|Any CPU.Build.0 = Release|Any CPU
		{3E3FE718-716A-4EAD-972D-1F2BEE554E15}.Release|x64.ActiveCfg = Release|Any CPU
		{3E3FE718-716A-4EAD-972D-1F2BEE554E15}.Release|x64.Build.0 = Release|Any CPU
		{3E3FE718-716A-4EAD-972D-1F2BEE554E15}.Release|x86.ActiveCfg = Release|Any CPU
		{3E3FE718-716A-4EAD-972D-1F2BEE554E15}.Release|x86.Build.0 = Release|Any CPU
		{9322DFB5-426F-4AFF-A4B6-6893E735C5EA}.Debug|Any CPU.ActiveCfg = Debug|Any CPU
		{9322DFB5-426F-4AFF-A4B6-6893E735C5EA}.Debug|Any CPU.Build.0 = Debug|Any CPU
		{9322DFB5-426F-4AFF-A4B6-6893E735C5EA}.Debug|x64.ActiveCfg = Debug|Any CPU
		{9322DFB5-426F-4AFF-A4B6-6893E735C5EA}.Debug|x64.Build.0 = Debug|Any CPU
		{9322DFB5-426F-4AFF-A4B6-6893E735C5EA}.Debug|x86.ActiveCfg = Debug|Any CPU
		{9322DFB5-426F-4AFF-A4B6-6893E735C5EA}.Debug|x86.Build.0 = Debug|Any CPU
		{9322DFB5-426F-4AFF-A4B6-6893E735C5EA}.Release|Any CPU.ActiveCfg = Release|Any CPU
		{9322DFB5-426F-4AFF-A4B6-6893E735C5EA}.Release|Any CPU.Build.0 = Release|Any CPU
		{9322DFB5-426F-4AFF-A4B6-6893E735C5EA}.Release|x64.ActiveCfg = Release|Any CPU
		{9322DFB5-426F-4AFF-A4B6-6893E735C5EA}.Release|x64.Build.0 = Release|Any CPU
		{9322DFB5-426F-4AFF-A4B6-6893E735C5EA}.Release|x86.ActiveCfg = Release|Any CPU
		{9322DFB5-426F-4AFF-A4B6-6893E735C5EA}.Release|x86.Build.0 = Release|Any CPU
	EndGlobalSection
	GlobalSection(SolutionProperties) = preSolution
		HideSolutionNode = FALSE
	EndGlobalSection
	GlobalSection(ExtensibilityGlobals) = postSolution
		SolutionGuid = {305EA271-D32E-4D92-AA68-27329CDC381F}
	EndGlobalSection
EndGlobal
