
Microsoft Visual Studio Solution File, Format Version 12.00
# Visual Studio Version 16
VisualStudioVersion = 16.0.30717.126
MinimumVisualStudioVersion = 15.0.26124.0
Project("{2150E333-8FDC-42A3-9474-1A3956D46DE8}") = "Produtor", "Produtor", "{11002AB8-B581-465C-9266-DFE05ADE8391}"
EndProject
Project("{2150E333-8FDC-42A3-9474-1A3956D46DE8}") = "Customer", "Customer", "{02F4B2E7-65B2-4D9B-926D-9B15796F59E7}"
EndProject
Project("{2150E333-8FDC-42A3-9474-1A3956D46DE8}") = "Model", "Model", "{8841D3BB-5D23-4E59-AB81-CE1A6FF520E3}"
EndProject
Project("{9A19103F-16F7-4668-BE54-9A1E7A4F7556}") = "Sampke.Kafka.Model", "Model\Sampke.Kafka.Model\Sampke.Kafka.Model.csproj", "{E016FBCA-39C0-46EC-8CEC-271FC2FA1149}"
EndProject
Project("{9A19103F-16F7-4668-BE54-9A1E7A4F7556}") = "Sampke.Serialization.Productor", "Produtor\Sampke.Serialization.Productor\Sampke.Serialization.Productor.csproj", "{FD6DCB6D-20BF-43E6-81D0-F9F85F81FC6C}"
EndProject
Project("{9A19103F-16F7-4668-BE54-9A1E7A4F7556}") = "Sampke.Serialization.Consumer", "Consumer\Sampke.Serialization.Consumer\Sampke.Serialization.Consumer.csproj", "{70CBC60E-D840-4270-AA7D-3C70A7FA5FFE}"
EndProject
Project("{9A19103F-16F7-4668-BE54-9A1E7A4F7556}") = "Sampke.Console.Productor", "Produtor\Sampke.Console.Productor\Sampke.Console.Productor.csproj", "{2DA698C9-7180-41DC-AE0B-C515CE656042}"
EndProject
Project("{9A19103F-16F7-4668-BE54-9A1E7A4F7556}") = "Sampke.Default.Productor", "Produtor\Sampke.Default.Productor\Sampke.Default.Productor.csproj", "{795A8C98-780A-4820-8599-6FF865BF4E79}"
EndProject
Project("{9A19103F-16F7-4668-BE54-9A1E7A4F7556}") = "Sampke.Default.Consumer", "Consumer\Sampke.Default.Consumer\Sampke.Default.Consumer.csproj", "{01899AC4-5AC3-412B-B398-EBFD353578C3}"
EndProject
Global
	GlobalSection(SolutionConfigurationPlatforms) = preSolution
		Debug|Any CPU = Debug|Any CPU
		Debug|x64 = Debug|x64
		Debug|x86 = Debug|x86
		Release|Any CPU = Release|Any CPU
		Release|x64 = Release|x64
		Release|x86 = Release|x86
	EndGlobalSection
	GlobalSection(ProjectConfigurationPlatforms) = postSolution
		{E016FBCA-39C0-46EC-8CEC-271FC2FA1149}.Debug|Any CPU.ActiveCfg = Debug|Any CPU
		{E016FBCA-39C0-46EC-8CEC-271FC2FA1149}.Debug|Any CPU.Build.0 = Debug|Any CPU
		{E016FBCA-39C0-46EC-8CEC-271FC2FA1149}.Debug|x64.ActiveCfg = Debug|Any CPU
		{E016FBCA-39C0-46EC-8CEC-271FC2FA1149}.Debug|x64.Build.0 = Debug|Any CPU
		{E016FBCA-39C0-46EC-8CEC-271FC2FA1149}.Debug|x86.ActiveCfg = Debug|Any CPU
		{E016FBCA-39C0-46EC-8CEC-271FC2FA1149}.Debug|x86.Build.0 = Debug|Any CPU
		{E016FBCA-39C0-46EC-8CEC-271FC2FA1149}.Release|Any CPU.ActiveCfg = Release|Any CPU
		{E016FBCA-39C0-46EC-8CEC-271FC2FA1149}.Release|Any CPU.Build.0 = Release|Any CPU
		{E016FBCA-39C0-46EC-8CEC-271FC2FA1149}.Release|x64.ActiveCfg = Release|Any CPU
		{E016FBCA-39C0-46EC-8CEC-271FC2FA1149}.Release|x64.Build.0 = Release|Any CPU
		{E016FBCA-39C0-46EC-8CEC-271FC2FA1149}.Release|x86.ActiveCfg = Release|Any CPU
		{E016FBCA-39C0-46EC-8CEC-271FC2FA1149}.Release|x86.Build.0 = Release|Any CPU
		{FD6DCB6D-20BF-43E6-81D0-F9F85F81FC6C}.Debug|Any CPU.ActiveCfg = Debug|Any CPU
		{FD6DCB6D-20BF-43E6-81D0-F9F85F81FC6C}.Debug|Any CPU.Build.0 = Debug|Any CPU
		{FD6DCB6D-20BF-43E6-81D0-F9F85F81FC6C}.Debug|x64.ActiveCfg = Debug|Any CPU
		{FD6DCB6D-20BF-43E6-81D0-F9F85F81FC6C}.Debug|x64.Build.0 = Debug|Any CPU
		{FD6DCB6D-20BF-43E6-81D0-F9F85F81FC6C}.Debug|x86.ActiveCfg = Debug|Any CPU
		{FD6DCB6D-20BF-43E6-81D0-F9F85F81FC6C}.Debug|x86.Build.0 = Debug|Any CPU
		{FD6DCB6D-20BF-43E6-81D0-F9F85F81FC6C}.Release|Any CPU.ActiveCfg = Release|Any CPU
		{FD6DCB6D-20BF-43E6-81D0-F9F85F81FC6C}.Release|Any CPU.Build.0 = Release|Any CPU
		{FD6DCB6D-20BF-43E6-81D0-F9F85F81FC6C}.Release|x64.ActiveCfg = Release|Any CPU
		{FD6DCB6D-20BF-43E6-81D0-F9F85F81FC6C}.Release|x64.Build.0 = Release|Any CPU
		{FD6DCB6D-20BF-43E6-81D0-F9F85F81FC6C}.Release|x86.ActiveCfg = Release|Any CPU
		{FD6DCB6D-20BF-43E6-81D0-F9F85F81FC6C}.Release|x86.Build.0 = Release|Any CPU
		{70CBC60E-D840-4270-AA7D-3C70A7FA5FFE}.Debug|Any CPU.ActiveCfg = Debug|Any CPU
		{70CBC60E-D840-4270-AA7D-3C70A7FA5FFE}.Debug|Any CPU.Build.0 = Debug|Any CPU
		{70CBC60E-D840-4270-AA7D-3C70A7FA5FFE}.Debug|x64.ActiveCfg = Debug|Any CPU
		{70CBC60E-D840-4270-AA7D-3C70A7FA5FFE}.Debug|x64.Build.0 = Debug|Any CPU
		{70CBC60E-D840-4270-AA7D-3C70A7FA5FFE}.Debug|x86.ActiveCfg = Debug|Any CPU
		{70CBC60E-D840-4270-AA7D-3C70A7FA5FFE}.Debug|x86.Build.0 = Debug|Any CPU
		{70CBC60E-D840-4270-AA7D-3C70A7FA5FFE}.Release|Any CPU.ActiveCfg = Release|Any CPU
		{70CBC60E-D840-4270-AA7D-3C70A7FA5FFE}.Release|Any CPU.Build.0 = Release|Any CPU
		{70CBC60E-D840-4270-AA7D-3C70A7FA5FFE}.Release|x64.ActiveCfg = Release|Any CPU
		{70CBC60E-D840-4270-AA7D-3C70A7FA5FFE}.Release|x64.Build.0 = Release|Any CPU
		{70CBC60E-D840-4270-AA7D-3C70A7FA5FFE}.Release|x86.ActiveCfg = Release|Any CPU
		{70CBC60E-D840-4270-AA7D-3C70A7FA5FFE}.Release|x86.Build.0 = Release|Any CPU
		{2DA698C9-7180-41DC-AE0B-C515CE656042}.Debug|Any CPU.ActiveCfg = Debug|Any CPU
		{2DA698C9-7180-41DC-AE0B-C515CE656042}.Debug|Any CPU.Build.0 = Debug|Any CPU
		{2DA698C9-7180-41DC-AE0B-C515CE656042}.Debug|x64.ActiveCfg = Debug|Any CPU
		{2DA698C9-7180-41DC-AE0B-C515CE656042}.Debug|x64.Build.0 = Debug|Any CPU
		{2DA698C9-7180-41DC-AE0B-C515CE656042}.Debug|x86.ActiveCfg = Debug|Any CPU
		{2DA698C9-7180-41DC-AE0B-C515CE656042}.Debug|x86.Build.0 = Debug|Any CPU
		{2DA698C9-7180-41DC-AE0B-C515CE656042}.Release|Any CPU.ActiveCfg = Release|Any CPU
		{2DA698C9-7180-41DC-AE0B-C515CE656042}.Release|Any CPU.Build.0 = Release|Any CPU
		{2DA698C9-7180-41DC-AE0B-C515CE656042}.Release|x64.ActiveCfg = Release|Any CPU
		{2DA698C9-7180-41DC-AE0B-C515CE656042}.Release|x64.Build.0 = Release|Any CPU
		{2DA698C9-7180-41DC-AE0B-C515CE656042}.Release|x86.ActiveCfg = Release|Any CPU
		{2DA698C9-7180-41DC-AE0B-C515CE656042}.Release|x86.Build.0 = Release|Any CPU
		{795A8C98-780A-4820-8599-6FF865BF4E79}.Debug|Any CPU.ActiveCfg = Debug|Any CPU
		{795A8C98-780A-4820-8599-6FF865BF4E79}.Debug|Any CPU.Build.0 = Debug|Any CPU
		{795A8C98-780A-4820-8599-6FF865BF4E79}.Debug|x64.ActiveCfg = Debug|Any CPU
		{795A8C98-780A-4820-8599-6FF865BF4E79}.Debug|x64.Build.0 = Debug|Any CPU
		{795A8C98-780A-4820-8599-6FF865BF4E79}.Debug|x86.ActiveCfg = Debug|Any CPU
		{795A8C98-780A-4820-8599-6FF865BF4E79}.Debug|x86.Build.0 = Debug|Any CPU
		{795A8C98-780A-4820-8599-6FF865BF4E79}.Release|Any CPU.ActiveCfg = Release|Any CPU
		{795A8C98-780A-4820-8599-6FF865BF4E79}.Release|Any CPU.Build.0 = Release|Any CPU
		{795A8C98-780A-4820-8599-6FF865BF4E79}.Release|x64.ActiveCfg = Release|Any CPU
		{795A8C98-780A-4820-8599-6FF865BF4E79}.Release|x64.Build.0 = Release|Any CPU
		{795A8C98-780A-4820-8599-6FF865BF4E79}.Release|x86.ActiveCfg = Release|Any CPU
		{795A8C98-780A-4820-8599-6FF865BF4E79}.Release|x86.Build.0 = Release|Any CPU
		{01899AC4-5AC3-412B-B398-EBFD353578C3}.Debug|Any CPU.ActiveCfg = Debug|Any CPU
		{01899AC4-5AC3-412B-B398-EBFD353578C3}.Debug|Any CPU.Build.0 = Debug|Any CPU
		{01899AC4-5AC3-412B-B398-EBFD353578C3}.Debug|x64.ActiveCfg = Debug|Any CPU
		{01899AC4-5AC3-412B-B398-EBFD353578C3}.Debug|x64.Build.0 = Debug|Any CPU
		{01899AC4-5AC3-412B-B398-EBFD353578C3}.Debug|x86.ActiveCfg = Debug|Any CPU
		{01899AC4-5AC3-412B-B398-EBFD353578C3}.Debug|x86.Build.0 = Debug|Any CPU
		{01899AC4-5AC3-412B-B398-EBFD353578C3}.Release|Any CPU.ActiveCfg = Release|Any CPU
		{01899AC4-5AC3-412B-B398-EBFD353578C3}.Release|Any CPU.Build.0 = Release|Any CPU
		{01899AC4-5AC3-412B-B398-EBFD353578C3}.Release|x64.ActiveCfg = Release|Any CPU
		{01899AC4-5AC3-412B-B398-EBFD353578C3}.Release|x64.Build.0 = Release|Any CPU
		{01899AC4-5AC3-412B-B398-EBFD353578C3}.Release|x86.ActiveCfg = Release|Any CPU
		{01899AC4-5AC3-412B-B398-EBFD353578C3}.Release|x86.Build.0 = Release|Any CPU
	EndGlobalSection
	GlobalSection(SolutionProperties) = preSolution
		HideSolutionNode = FALSE
	EndGlobalSection
	GlobalSection(NestedProjects) = preSolution
		{E016FBCA-39C0-46EC-8CEC-271FC2FA1149} = {8841D3BB-5D23-4E59-AB81-CE1A6FF520E3}
		{FD6DCB6D-20BF-43E6-81D0-F9F85F81FC6C} = {11002AB8-B581-465C-9266-DFE05ADE8391}
		{70CBC60E-D840-4270-AA7D-3C70A7FA5FFE} = {02F4B2E7-65B2-4D9B-926D-9B15796F59E7}
		{2DA698C9-7180-41DC-AE0B-C515CE656042} = {11002AB8-B581-465C-9266-DFE05ADE8391}
		{795A8C98-780A-4820-8599-6FF865BF4E79} = {11002AB8-B581-465C-9266-DFE05ADE8391}
		{01899AC4-5AC3-412B-B398-EBFD353578C3} = {02F4B2E7-65B2-4D9B-926D-9B15796F59E7}
	EndGlobalSection
	GlobalSection(ExtensibilityGlobals) = postSolution
		SolutionGuid = {B2F5EABE-4548-46EB-BAEC-F073E93312BA}
	EndGlobalSection
EndGlobal
